
Microsoft Visual Studio Solution File, Format Version 12.00
# Visual Studio Version 17
VisualStudioVersion = 17.10.35122.118
MinimumVisualStudioVersion = 10.0.40219.1
Project("{FAE04EC0-301F-11D3-BF4B-00C04F79EFBC}") = "PostRoutesDemo", "PostRoutesDemo\PostRoutesDemo.csproj", "{A3BB2FFC-A759-4660-9031-58FB81CEEC2F}"
EndProject
Global
	GlobalSection(SolutionConfigurationPlatforms) = preSolution
		Debug|Any CPU = Debug|Any CPU
		Release|Any CPU = Release|Any CPU
	EndGlobalSection
	GlobalSection(ProjectConfigurationPlatforms) = postSolution
		{A3BB2FFC-A759-4660-9031-58FB81CEEC2F}.Debug|Any CPU.ActiveCfg = Debug|Any CPU
		{A3BB2FFC-A759-4660-9031-58FB81CEEC2F}.Debug|Any CPU.Build.0 = Debug|Any CPU
		{A3BB2FFC-A759-4660-9031-58FB81CEEC2F}.Release|Any CPU.ActiveCfg = Release|Any CPU
		{A3BB2FFC-A759-4660-9031-58FB81CEEC2F}.Release|Any CPU.Build.0 = Release|Any CPU
	EndGlobalSection
	GlobalSection(SolutionProperties) = preSolution
		HideSolutionNode = FALSE
	EndGlobalSection
	GlobalSection(ExtensibilityGlobals) = postSolution
		SolutionGuid = {951BC701-954D-44BC-8393-F43A2DD318DF}
	EndGlobalSection
EndGlobal
